
Microsoft Visual Studio Solution File, Format Version 12.00
# Visual Studio Version 17
VisualStudioVersion = 17.9.34902.65
MinimumVisualStudioVersion = 10.0.40219.1
Project("{FAE04EC0-301F-11D3-BF4B-00C04F79EFBC}") = "groenteBoer", "groenteBoer.csproj", "{C0016DB5-42D0-4B9A-A4A3-82064DC9D591}"
EndProject
Global
	GlobalSection(SolutionConfigurationPlatforms) = preSolution
		Debug|Any CPU = Debug|Any CPU
		Release|Any CPU = Release|Any CPU
	EndGlobalSection
	GlobalSection(ProjectConfigurationPlatforms) = postSolution
		{C0016DB5-42D0-4B9A-A4A3-82064DC9D591}.Debug|Any CPU.ActiveCfg = Debug|Any CPU
		{C0016DB5-42D0-4B9A-A4A3-82064DC9D591}.Debug|Any CPU.Build.0 = Debug|Any CPU
		{C0016DB5-42D0-4B9A-A4A3-82064DC9D591}.Release|Any CPU.ActiveCfg = Release|Any CPU
		{C0016DB5-42D0-4B9A-A4A3-82064DC9D591}.Release|Any CPU.Build.0 = Release|Any CPU
	EndGlobalSection
	GlobalSection(SolutionProperties) = preSolution
		HideSolutionNode = FALSE
	EndGlobalSection
	GlobalSection(ExtensibilityGlobals) = postSolution
		SolutionGuid = {371A9A0D-CBD8-4ADB-A6AF-9434B2CD626A}
	EndGlobalSection
EndGlobal
